{
  "version": 4,
  "terraform_version": "0.12.4",
  "serial": 57,
  "lineage": "d42a1799-7b81-4a74-6234-7e74c6f2ddc7",
  "outputs": {},
  "resources": [
    {
      "module": "module.vpc",
      "mode": "managed",
      "type": "aws_eip",
      "name": "nat",
      "each": "list",
      "provider": "provider.aws",
      "instances": [
        {
          "index_key": 0,
          "schema_version": 0,
          "attributes": {
            "allocation_id": null,
            "associate_with_private_ip": null,
            "association_id": "eipassoc-0904cfe7535f85aca",
            "domain": "vpc",
            "id": "eipalloc-0500bb7b0789e3ae5",
            "instance": "",
            "network_interface": "eni-0cda98c14c14cb963",
            "private_dns": "ip-10-0-101-76.eu-west-1.compute.internal",
            "private_ip": "10.0.101.76",
            "public_dns": "ec2-3-248-9-246.eu-west-1.compute.amazonaws.com",
            "public_ip": "3.248.9.246",
            "public_ipv4_pool": "amazon",
            "tags": {
              "Environment": "dev",
              "Name": "my-vpc-eu-west-1a",
              "Terraform": "true"
            },
            "timeouts": null,
            "vpc": true
          }
        },
        {
          "index_key": 1,
          "schema_version": 0,
          "attributes": {
            "allocation_id": null,
            "associate_with_private_ip": null,
            "association_id": "eipassoc-0a6ab549ec2099e75",
            "domain": "vpc",
            "id": "eipalloc-07b984027f74df0cb",
            "instance": "",
            "network_interface": "eni-0d2a0bef9a9e79484",
            "private_dns": "ip-10-0-102-15.eu-west-1.compute.internal",
            "private_ip": "10.0.102.15",
            "public_dns": "ec2-18-200-150-181.eu-west-1.compute.amazonaws.com",
            "public_ip": "18.200.150.181",
            "public_ipv4_pool": "amazon",
            "tags": {
              "Environment": "dev",
              "Name": "my-vpc-eu-west-1b",
              "Terraform": "true"
            },
            "timeouts": null,
            "vpc": true
          }
        },
        {
          "index_key": 2,
          "schema_version": 0,
          "attributes": {
            "allocation_id": null,
            "associate_with_private_ip": null,
            "association_id": "eipassoc-09883a6d1fe3b0d1e",
            "domain": "vpc",
            "id": "eipalloc-06c66affee86d836c",
            "instance": "",
            "network_interface": "eni-0b4b0efe85eedd407",
            "private_dns": "ip-10-0-103-101.eu-west-1.compute.internal",
            "private_ip": "10.0.103.101",
            "public_dns": "ec2-52-210-60-169.eu-west-1.compute.amazonaws.com",
            "public_ip": "52.210.60.169",
            "public_ipv4_pool": "amazon",
            "tags": {
              "Environment": "dev",
              "Name": "my-vpc-eu-west-1c",
              "Terraform": "true"
            },
            "timeouts": null,
            "vpc": true
          }
        }
      ]
    }
  ]
}
